<?xml version="1.0" encoding="utf-8"?>
<Project ToolsVersion="4.0" xmlns="http://schemas.microsoft.com/developer/msbuild/2003">
  <ItemGroup>
    <Filter Include="Course">
      <UniqueIdentifier>{18257513-7588-4c93-bb3f-b14912bc8846}</UniqueIdentifier>
    </Filter>
    <Filter Include="Practice">
      <UniqueIdentifier>{817b8cef-5d46-4534-88a9-bbeac0098ff6}</UniqueIdentifier>
    </Filter>
    <Filter Include="Course\Course1_11.10.24">
      <UniqueIdentifier>{d52ecd69-2c54-4299-85a0-5a3b77c8f3e4}</UniqueIdentifier>
    </Filter>
    <Filter Include="Course\Course1_11.10.24\Header Files">
      <UniqueIdentifier>{8043d6a4-d2e8-41bd-ab23-5ac9e50925d9}</UniqueIdentifier>
    </Filter>
    <Filter Include="Course\Course1_11.10.24\Source Files">
      <UniqueIdentifier>{429cf2c5-2d9d-4981-a010-506bf46712b5}</UniqueIdentifier>
    </Filter>
    <Filter Include="Practice\Practice1">
      <UniqueIdentifier>{7e948ad2-8477-41bd-80d0-557b74ae5c35}</UniqueIdentifier>
    </Filter>
    <Filter Include="Practice\Practice2">
      <UniqueIdentifier>{73f9ec17-719d-4f0a-bc79-eb5da75e8987}</UniqueIdentifier>
    </Filter>
    <Filter Include="Practice\Practice2\Header Files">
      <UniqueIdentifier>{a4bcb2cd-265d-480d-b589-316bcb6dc6d0}</UniqueIdentifier>
    </Filter>
    <Filter Include="Practice\Practice1\Header Files">
      <UniqueIdentifier>{8c0a94f1-d7ef-476a-be5b-838e8e0fe6f3}</UniqueIdentifier>
    </Filter>
    <Filter Include="Practice\Practice1\Source Files">
      <UniqueIdentifier>{bf8f8ea7-bc65-4e03-b628-fbebbf2bced4}</UniqueIdentifier>
    </Filter>
    <Filter Include="Course\Course2">
      <UniqueIdentifier>{570eb04f-ac33-4ec8-ada2-6e7fc4f2bbe5}</UniqueIdentifier>
    </Filter>
    <Filter Include="Course\Course2\Header Files">
      <UniqueIdentifier>{1fa620ad-bf0c-4534-95bc-afaa70582d71}</UniqueIdentifier>
    </Filter>
    <Filter Include="Course\Course2\Source Files">
      <UniqueIdentifier>{a056c2d0-9bbd-4903-9a9d-75cf3f38f980}</UniqueIdentifier>
    </Filter>
    <Filter Include="Source Files General">
      <UniqueIdentifier>{4FC737F1-C7A5-4376-A066-2A32D752A2FF}</UniqueIdentifier>
      <Extensions>cpp;c;cc;cxx;c++;cppm;ixx;def;odl;idl;hpj;bat;asm;asmx</Extensions>
    </Filter>
    <Filter Include="Practice\Practice2\Source Files">
      <UniqueIdentifier>{e041859f-b6d2-4b48-9e75-391ca20f7fdc}</UniqueIdentifier>
    </Filter>
    <Filter Include="Practice\Practice1\Resource Files">
      <UniqueIdentifier>{b550f672-9d7c-4adf-a74b-4de5992ff153}</UniqueIdentifier>
    </Filter>
    <Filter Include="Course\Course3">
      <UniqueIdentifier>{16b8c2a9-2f5a-4137-8288-53c2fcfd56de}</UniqueIdentifier>
    </Filter>
    <Filter Include="Course\Course3\Header Files">
      <UniqueIdentifier>{971614e0-3fca-406a-b4e7-a781ca7c420b}</UniqueIdentifier>
    </Filter>
    <Filter Include="Course\Course3\Source Files">
      <UniqueIdentifier>{7e893ecf-bd97-4b35-bd81-a77331a4d1a3}</UniqueIdentifier>
    </Filter>
  </ItemGroup>
  <ItemGroup>
    <ClCompile Include="App.cpp">
      <Filter>Source Files General</Filter>
    </ClCompile>
    <ClCompile Include="Course\Course1_11.10.24\OOP1_11.10.24.cpp">
      <Filter>Course\Course1_11.10.24\Source Files</Filter>
    </ClCompile>
    <ClCompile Include="Practice\Practice1\Dwarf.cpp">
      <Filter>Practice\Practice1\Source Files</Filter>
    </ClCompile>
    <ClCompile Include="Practice\Practice1\Weapon.cpp">
      <Filter>Practice\Practice1\Source Files</Filter>
    </ClCompile>
    <ClCompile Include="Practice\Practice1\Practice1.cpp">
      <Filter>Practice\Practice1\Source Files</Filter>
    </ClCompile>
    <ClCompile Include="Course\Course1_11.10.24\Robot.cpp">
      <Filter>Course\Course1_11.10.24\Source Files</Filter>
    </ClCompile>
    <ClCompile Include="Practice\Practice2\Account.cpp">
      <Filter>Practice\Practice2\Source Files</Filter>
    </ClCompile>
    <ClCompile Include="Practice\Practice2\AccountList.cpp">
      <Filter>Practice\Practice2\Source Files</Filter>
    </ClCompile>
    <ClCompile Include="Practice\Practice2\CreditAccount.cpp">
      <Filter>Practice\Practice2\Source Files</Filter>
    </ClCompile>
    <ClCompile Include="Practice\Practice2\Practice2.cpp">
      <Filter>Practice\Practice2\Source Files</Filter>
    </ClCompile>
    <ClCompile Include="Course\Course2_19.10.2024\Car.cpp">
      <Filter>Course\Course2\Source Files</Filter>
    </ClCompile>
    <ClCompile Include="Course\Course2_19.10.2024\Course2.cpp">
      <Filter>Course\Course2\Source Files</Filter>
    </ClCompile>
    <ClCompile Include="Course\Course3_21.10.2024\Course3.cpp">
      <Filter>Course\Course3\Source Files</Filter>
    </ClCompile>
  </ItemGroup>
  <ItemGroup>
    <ClInclude Include="Course\Course1_11.10.24\Robot.h">
      <Filter>Course\Course1_11.10.24\Header Files</Filter>
    </ClInclude>
    <ClInclude Include="Course\Course1_11.10.24\OOP1_11.10.24.h">
      <Filter>Course\Course1_11.10.24\Header Files</Filter>
    </ClInclude>
    <ClInclude Include="Practice\Practice1\Dwarf.h">
      <Filter>Practice\Practice1\Header Files</Filter>
    </ClInclude>
    <ClInclude Include="Practice\Practice1\Weapon.h">
      <Filter>Practice\Practice1\Header Files</Filter>
    </ClInclude>
    <ClInclude Include="Practice\Practice2\Account.h">
      <Filter>Practice\Practice2\Header Files</Filter>
    </ClInclude>
    <ClInclude Include="Practice\Practice2\AccountList.h">
      <Filter>Practice\Practice2\Header Files</Filter>
    </ClInclude>
    <ClInclude Include="Practice\Practice2\CreditAccount.h">
      <Filter>Practice\Practice2\Header Files</Filter>
    </ClInclude>
    <ClInclude Include="Practice\Practice2\Practice2.h">
      <Filter>Practice\Practice2\Header Files</Filter>
    </ClInclude>
    <ClInclude Include="Practice\Practice1\Practice1.h">
      <Filter>Practice\Practice1\Header Files</Filter>
    </ClInclude>
    <ClInclude Include="Course\Course2_19.10.2024\Car.h">
      <Filter>Course\Course2\Header Files</Filter>
    </ClInclude>
    <ClInclude Include="Course\Course2_19.10.2024\Course2.h">
      <Filter>Course\Course2\Header Files</Filter>
    </ClInclude>
    <ClInclude Include="Course\Course3_21.10.2024\Course3.h">
      <Filter>Course\Course3\Header Files</Filter>
    </ClInclude>
  </ItemGroup>
  <ItemGroup>
    <None Include="..\README.md" />
  </ItemGroup>
  <ItemGroup>
    <Text Include="Practice\Practice1\Stuff.txt">
      <Filter>Practice\Practice1\Resource Files</Filter>
    </Text>
  </ItemGroup>
</Project>